// !$*UTF8*$!
{
	archiveVersion = 1;
	classes = {
	};
	objectVersion = 50;
	objects = {

/* Begin PBXBuildFile section */
		0D0CC938217476A2007FB9CD /* MovieViewController.swift in Sources */ = {isa = PBXBuildFile; fileRef = 0D0CC937217476A2007FB9CD /* MovieViewController.swift */; };
		0D0CC93A217476F4007FB9CD /* TabBarViewController.swift in Sources */ = {isa = PBXBuildFile; fileRef = 0D0CC939217476F4007FB9CD /* TabBarViewController.swift */; };
		0D0CC93C21747752007FB9CD /* Constants.swift in Sources */ = {isa = PBXBuildFile; fileRef = 0D0CC93B21747752007FB9CD /* Constants.swift */; };
		0D0CC93E21747FF0007FB9CD /* MovieInfo.swift in Sources */ = {isa = PBXBuildFile; fileRef = 0D0CC93D21747FF0007FB9CD /* MovieInfo.swift */; };
		0D0CC940217484FB007FB9CD /* Extensions.swift in Sources */ = {isa = PBXBuildFile; fileRef = 0D0CC93F217484FB007FB9CD /* Extensions.swift */; };
		0D0CC94221748899007FB9CD /* Networking.swift in Sources */ = {isa = PBXBuildFile; fileRef = 0D0CC94121748899007FB9CD /* Networking.swift */; };
		0D0CC944217557E8007FB9CD /* FavoriteViewController.swift in Sources */ = {isa = PBXBuildFile; fileRef = 0D0CC943217557E8007FB9CD /* FavoriteViewController.swift */; };
		0D522E6D21746B3600F32468 /* AppDelegate.swift in Sources */ = {isa = PBXBuildFile; fileRef = 0D522E6C21746B3600F32468 /* AppDelegate.swift */; };
		0D522E7221746B3600F32468 /* Main.storyboard in Resources */ = {isa = PBXBuildFile; fileRef = 0D522E7021746B3600F32468 /* Main.storyboard */; };
		0D522E7421746B3800F32468 /* Assets.xcassets in Resources */ = {isa = PBXBuildFile; fileRef = 0D522E7321746B3800F32468 /* Assets.xcassets */; };
		0D522E7721746B3800F32468 /* LaunchScreen.storyboard in Resources */ = {isa = PBXBuildFile; fileRef = 0D522E7521746B3800F32468 /* LaunchScreen.storyboard */; };
		0D522E8221746B3800F32468 /* MovieSharingExTests.swift in Sources */ = {isa = PBXBuildFile; fileRef = 0D522E8121746B3800F32468 /* MovieSharingExTests.swift */; };
		0D522E8D21746B3900F32468 /* MovieSharingExUITests.swift in Sources */ = {isa = PBXBuildFile; fileRef = 0D522E8C21746B3900F32468 /* MovieSharingExUITests.swift */; };
		0DA9301E2177DB9B001B1022 /* MovieTableViewCell.swift in Sources */ = {isa = PBXBuildFile; fileRef = 0DA9301C2177DB9B001B1022 /* MovieTableViewCell.swift */; };
		0DA9301F2177DB9B001B1022 /* MovieTableViewCell.xib in Resources */ = {isa = PBXBuildFile; fileRef = 0DA9301D2177DB9B001B1022 /* MovieTableViewCell.xib */; };
		0DA930222177DBB3001B1022 /* MovieCollectionViewCell.swift in Sources */ = {isa = PBXBuildFile; fileRef = 0DA930202177DBB3001B1022 /* MovieCollectionViewCell.swift */; };
		0DA930232177DBB3001B1022 /* MovieCollectionViewCell.xib in Resources */ = {isa = PBXBuildFile; fileRef = 0DA930212177DBB3001B1022 /* MovieCollectionViewCell.xib */; };
		0DA9302E2178BF6E001B1022 /* MovieGridTableViewCell.swift in Sources */ = {isa = PBXBuildFile; fileRef = 0DA9302C2178BF6E001B1022 /* MovieGridTableViewCell.swift */; };
		0DA9302F2178BF6E001B1022 /* MovieGridTableViewCell.xib in Resources */ = {isa = PBXBuildFile; fileRef = 0DA9302D2178BF6E001B1022 /* MovieGridTableViewCell.xib */; };
		0DABAA16217BFA24004F99E2 /* RoundUIImage.swift in Sources */ = {isa = PBXBuildFile; fileRef = 0DABAA15217BFA24004F99E2 /* RoundUIImage.swift */; };
		0DD001FC09ACAD83ECCCF69E /* Pods_MovieSharingExTests.framework in Frameworks */ = {isa = PBXBuildFile; fileRef = 2A4EF97EAC26D1480D5367AB /* Pods_MovieSharingExTests.framework */; };
		0DED9724217A0A96009E970F /* MovieDetailViewController.swift in Sources */ = {isa = PBXBuildFile; fileRef = 0DED9723217A0A96009E970F /* MovieDetailViewController.swift */; };
		6D0803CA104B007C744AE72C /* Pods_MovieSharingEx.framework in Frameworks */ = {isa = PBXBuildFile; fileRef = 712ABACB8FF22045A442B72F /* Pods_MovieSharingEx.framework */; };
		7EFA4E1C0612A548D0B2EF00 /* Pods_MovieSharingExUITests.framework in Frameworks */ = {isa = PBXBuildFile; fileRef = 4A17C5AB501339B4A3F4E7A6 /* Pods_MovieSharingExUITests.framework */; };
/* End PBXBuildFile section */

/* Begin PBXContainerItemProxy section */
		0D522E7E21746B3800F32468 /* PBXContainerItemProxy */ = {
			isa = PBXContainerItemProxy;
			containerPortal = 0D522E6121746B3600F32468 /* Project object */;
			proxyType = 1;
			remoteGlobalIDString = 0D522E6821746B3600F32468;
			remoteInfo = MovieSharingEx;
		};
		0D522E8921746B3900F32468 /* PBXContainerItemProxy */ = {
			isa = PBXContainerItemProxy;
			containerPortal = 0D522E6121746B3600F32468 /* Project object */;
			proxyType = 1;
			remoteGlobalIDString = 0D522E6821746B3600F32468;
			remoteInfo = MovieSharingEx;
		};
/* End PBXContainerItemProxy section */

/* Begin PBXFileReference section */
		0D0CC937217476A2007FB9CD /* MovieViewController.swift */ = {isa = PBXFileReference; lastKnownFileType = sourcecode.swift; path = MovieViewController.swift; sourceTree = "<group>"; };
		0D0CC939217476F4007FB9CD /* TabBarViewController.swift */ = {isa = PBXFileReference; lastKnownFileType = sourcecode.swift; path = TabBarViewController.swift; sourceTree = "<group>"; };
		0D0CC93B21747752007FB9CD /* Constants.swift */ = {isa = PBXFileReference; lastKnownFileType = sourcecode.swift; path = Constants.swift; sourceTree = "<group>"; };
		0D0CC93D21747FF0007FB9CD /* MovieInfo.swift */ = {isa = PBXFileReference; lastKnownFileType = sourcecode.swift; path = MovieInfo.swift; sourceTree = "<group>"; };
		0D0CC93F217484FB007FB9CD /* Extensions.swift */ = {isa = PBXFileReference; lastKnownFileType = sourcecode.swift; path = Extensions.swift; sourceTree = "<group>"; };
		0D0CC94121748899007FB9CD /* Networking.swift */ = {isa = PBXFileReference; lastKnownFileType = sourcecode.swift; path = Networking.swift; sourceTree = "<group>"; };
		0D0CC943217557E8007FB9CD /* FavoriteViewController.swift */ = {isa = PBXFileReference; lastKnownFileType = sourcecode.swift; path = FavoriteViewController.swift; sourceTree = "<group>"; };
		0D522E6921746B3600F32468 /* MovieSharingEx.app */ = {isa = PBXFileReference; explicitFileType = wrapper.application; includeInIndex = 0; path = MovieSharingEx.app; sourceTree = BUILT_PRODUCTS_DIR; };
		0D522E6C21746B3600F32468 /* AppDelegate.swift */ = {isa = PBXFileReference; lastKnownFileType = sourcecode.swift; path = AppDelegate.swift; sourceTree = "<group>"; };
		0D522E7121746B3600F32468 /* Base */ = {isa = PBXFileReference; lastKnownFileType = file.storyboard; name = Base; path = Base.lproj/Main.storyboard; sourceTree = "<group>"; };
		0D522E7321746B3800F32468 /* Assets.xcassets */ = {isa = PBXFileReference; lastKnownFileType = folder.assetcatalog; path = Assets.xcassets; sourceTree = "<group>"; };
		0D522E7621746B3800F32468 /* Base */ = {isa = PBXFileReference; lastKnownFileType = file.storyboard; name = Base; path = Base.lproj/LaunchScreen.storyboard; sourceTree = "<group>"; };
		0D522E7821746B3800F32468 /* Info.plist */ = {isa = PBXFileReference; lastKnownFileType = text.plist.xml; path = Info.plist; sourceTree = "<group>"; };
		0D522E7D21746B3800F32468 /* MovieSharingExTests.xctest */ = {isa = PBXFileReference; explicitFileType = wrapper.cfbundle; includeInIndex = 0; path = MovieSharingExTests.xctest; sourceTree = BUILT_PRODUCTS_DIR; };
		0D522E8121746B3800F32468 /* MovieSharingExTests.swift */ = {isa = PBXFileReference; lastKnownFileType = sourcecode.swift; path = MovieSharingExTests.swift; sourceTree = "<group>"; };
		0D522E8321746B3800F32468 /* Info.plist */ = {isa = PBXFileReference; lastKnownFileType = text.plist.xml; path = Info.plist; sourceTree = "<group>"; };
		0D522E8821746B3900F32468 /* MovieSharingExUITests.xctest */ = {isa = PBXFileReference; explicitFileType = wrapper.cfbundle; includeInIndex = 0; path = MovieSharingExUITests.xctest; sourceTree = BUILT_PRODUCTS_DIR; };
		0D522E8C21746B3900F32468 /* MovieSharingExUITests.swift */ = {isa = PBXFileReference; lastKnownFileType = sourcecode.swift; path = MovieSharingExUITests.swift; sourceTree = "<group>"; };
		0D522E8E21746B3900F32468 /* Info.plist */ = {isa = PBXFileReference; lastKnownFileType = text.plist.xml; path = Info.plist; sourceTree = "<group>"; };
		0DA9301C2177DB9B001B1022 /* MovieTableViewCell.swift */ = {isa = PBXFileReference; lastKnownFileType = sourcecode.swift; path = MovieTableViewCell.swift; sourceTree = "<group>"; };
		0DA9301D2177DB9B001B1022 /* MovieTableViewCell.xib */ = {isa = PBXFileReference; lastKnownFileType = file.xib; path = MovieTableViewCell.xib; sourceTree = "<group>"; };
		0DA930202177DBB3001B1022 /* MovieCollectionViewCell.swift */ = {isa = PBXFileReference; lastKnownFileType = sourcecode.swift; path = MovieCollectionViewCell.swift; sourceTree = "<group>"; };
		0DA930212177DBB3001B1022 /* MovieCollectionViewCell.xib */ = {isa = PBXFileReference; lastKnownFileType = file.xib; path = MovieCollectionViewCell.xib; sourceTree = "<group>"; };
		0DA9302C2178BF6E001B1022 /* MovieGridTableViewCell.swift */ = {isa = PBXFileReference; lastKnownFileType = sourcecode.swift; path = MovieGridTableViewCell.swift; sourceTree = "<group>"; };
		0DA9302D2178BF6E001B1022 /* MovieGridTableViewCell.xib */ = {isa = PBXFileReference; lastKnownFileType = file.xib; path = MovieGridTableViewCell.xib; sourceTree = "<group>"; };
		0DABAA15217BFA24004F99E2 /* RoundUIImage.swift */ = {isa = PBXFileReference; lastKnownFileType = sourcecode.swift; path = RoundUIImage.swift; sourceTree = "<group>"; };
		0DED9723217A0A96009E970F /* MovieDetailViewController.swift */ = {isa = PBXFileReference; lastKnownFileType = sourcecode.swift; path = MovieDetailViewController.swift; sourceTree = "<group>"; };
		28FD501AF0A07C62318F5488 /* Pods-MovieSharingEx.debug.xcconfig */ = {isa = PBXFileReference; includeInIndex = 1; lastKnownFileType = text.xcconfig; name = "Pods-MovieSharingEx.debug.xcconfig"; path = "Pods/Target Support Files/Pods-MovieSharingEx/Pods-MovieSharingEx.debug.xcconfig"; sourceTree = "<group>"; };
		2A4EF97EAC26D1480D5367AB /* Pods_MovieSharingExTests.framework */ = {isa = PBXFileReference; explicitFileType = wrapper.framework; includeInIndex = 0; path = Pods_MovieSharingExTests.framework; sourceTree = BUILT_PRODUCTS_DIR; };
		3A12568C8CE984CC24B53C1E /* Pods-MovieSharingExUITests.debug.xcconfig */ = {isa = PBXFileReference; includeInIndex = 1; lastKnownFileType = text.xcconfig; name = "Pods-MovieSharingExUITests.debug.xcconfig"; path = "Pods/Target Support Files/Pods-MovieSharingExUITests/Pods-MovieSharingExUITests.debug.xcconfig"; sourceTree = "<group>"; };
		4A17C5AB501339B4A3F4E7A6 /* Pods_MovieSharingExUITests.framework */ = {isa = PBXFileReference; explicitFileType = wrapper.framework; includeInIndex = 0; path = Pods_MovieSharingExUITests.framework; sourceTree = BUILT_PRODUCTS_DIR; };
		712ABACB8FF22045A442B72F /* Pods_MovieSharingEx.framework */ = {isa = PBXFileReference; explicitFileType = wrapper.framework; includeInIndex = 0; path = Pods_MovieSharingEx.framework; sourceTree = BUILT_PRODUCTS_DIR; };
		78BE957CF84622FE9CCA1A30 /* Pods-MovieSharingExTests.debug.xcconfig */ = {isa = PBXFileReference; includeInIndex = 1; lastKnownFileType = text.xcconfig; name = "Pods-MovieSharingExTests.debug.xcconfig"; path = "Pods/Target Support Files/Pods-MovieSharingExTests/Pods-MovieSharingExTests.debug.xcconfig"; sourceTree = "<group>"; };
		88C6AE462A21886DA2554DB1 /* Pods-MovieSharingExTests.release.xcconfig */ = {isa = PBXFileReference; includeInIndex = 1; lastKnownFileType = text.xcconfig; name = "Pods-MovieSharingExTests.release.xcconfig"; path = "Pods/Target Support Files/Pods-MovieSharingExTests/Pods-MovieSharingExTests.release.xcconfig"; sourceTree = "<group>"; };
		D3439396401C18904F826677 /* Pods-MovieSharingExUITests.release.xcconfig */ = {isa = PBXFileReference; includeInIndex = 1; lastKnownFileType = text.xcconfig; name = "Pods-MovieSharingExUITests.release.xcconfig"; path = "Pods/Target Support Files/Pods-MovieSharingExUITests/Pods-MovieSharingExUITests.release.xcconfig"; sourceTree = "<group>"; };
		E9C44ADA781226C82CF87C28 /* Pods-MovieSharingEx.release.xcconfig */ = {isa = PBXFileReference; includeInIndex = 1; lastKnownFileType = text.xcconfig; name = "Pods-MovieSharingEx.release.xcconfig"; path = "Pods/Target Support Files/Pods-MovieSharingEx/Pods-MovieSharingEx.release.xcconfig"; sourceTree = "<group>"; };
/* End PBXFileReference section */

/* Begin PBXFrameworksBuildPhase section */
		0D522E6621746B3600F32468 /* Frameworks */ = {
			isa = PBXFrameworksBuildPhase;
			buildActionMask = 2147483647;
			files = (
				6D0803CA104B007C744AE72C /* Pods_MovieSharingEx.framework in Frameworks */,
			);
			runOnlyForDeploymentPostprocessing = 0;
		};
		0D522E7A21746B3800F32468 /* Frameworks */ = {
			isa = PBXFrameworksBuildPhase;
			buildActionMask = 2147483647;
			files = (
				0DD001FC09ACAD83ECCCF69E /* Pods_MovieSharingExTests.framework in Frameworks */,
			);
			runOnlyForDeploymentPostprocessing = 0;
		};
		0D522E8521746B3900F32468 /* Frameworks */ = {
			isa = PBXFrameworksBuildPhase;
			buildActionMask = 2147483647;
			files = (
				7EFA4E1C0612A548D0B2EF00 /* Pods_MovieSharingExUITests.framework in Frameworks */,
			);
			runOnlyForDeploymentPostprocessing = 0;
		};
/* End PBXFrameworksBuildPhase section */

/* Begin PBXGroup section */
		0D0CC93321747552007FB9CD /* Models */ = {
			isa = PBXGroup;
			children = (
				0D0CC93D21747FF0007FB9CD /* MovieInfo.swift */,
			);
			path = Models;
			sourceTree = "<group>";
		};
		0D0CC93421747560007FB9CD /* Views */ = {
			isa = PBXGroup;
			children = (
				0DA9301C2177DB9B001B1022 /* MovieTableViewCell.swift */,
				0DA9301D2177DB9B001B1022 /* MovieTableViewCell.xib */,
				0DA930202177DBB3001B1022 /* MovieCollectionViewCell.swift */,
				0DA930212177DBB3001B1022 /* MovieCollectionViewCell.xib */,
				0DA9302C2178BF6E001B1022 /* MovieGridTableViewCell.swift */,
				0DA9302D2178BF6E001B1022 /* MovieGridTableViewCell.xib */,
				0DABAA15217BFA24004F99E2 /* RoundUIImage.swift */,
			);
			path = Views;
			sourceTree = "<group>";
		};
		0D0CC93521747566007FB9CD /* Controllers */ = {
			isa = PBXGroup;
			children = (
				0D0CC939217476F4007FB9CD /* TabBarViewController.swift */,
				0D0CC937217476A2007FB9CD /* MovieViewController.swift */,
				0D0CC943217557E8007FB9CD /* FavoriteViewController.swift */,
				0DED9723217A0A96009E970F /* MovieDetailViewController.swift */,
			);
			name = Controllers;
			sourceTree = "<group>";
		};
		0D0CC93621747585007FB9CD /* SupportingFiles */ = {
			isa = PBXGroup;
			children = (
				0D0CC93F217484FB007FB9CD /* Extensions.swift */,
				0D0CC93B21747752007FB9CD /* Constants.swift */,
				0D0CC94121748899007FB9CD /* Networking.swift */,
				0D522E7321746B3800F32468 /* Assets.xcassets */,
				0D522E7521746B3800F32468 /* LaunchScreen.storyboard */,
				0D522E7821746B3800F32468 /* Info.plist */,
			);
			path = SupportingFiles;
			sourceTree = "<group>";
		};
		0D522E6021746B3600F32468 = {
			isa = PBXGroup;
			children = (
				0D522E6B21746B3600F32468 /* MovieSharingEx */,
				0D522E8021746B3800F32468 /* MovieSharingExTests */,
				0D522E8B21746B3900F32468 /* MovieSharingExUITests */,
				0D522E6A21746B3600F32468 /* Products */,
				C64BF4B6EBB7AC3000123EDB /* Pods */,
				C732EF7F498DB89C04EB62A7 /* Frameworks */,
			);
			sourceTree = "<group>";
		};
		0D522E6A21746B3600F32468 /* Products */ = {
			isa = PBXGroup;
			children = (
				0D522E6921746B3600F32468 /* MovieSharingEx.app */,
				0D522E7D21746B3800F32468 /* MovieSharingExTests.xctest */,
				0D522E8821746B3900F32468 /* MovieSharingExUITests.xctest */,
			);
			name = Products;
			sourceTree = "<group>";
		};
		0D522E6B21746B3600F32468 /* MovieSharingEx */ = {
			isa = PBXGroup;
			children = (
				0D0CC93521747566007FB9CD /* Controllers */,
				0D0CC93421747560007FB9CD /* Views */,
				0D0CC93321747552007FB9CD /* Models */,
				0D0CC93621747585007FB9CD /* SupportingFiles */,
				0D522E7021746B3600F32468 /* Main.storyboard */,
				0D522E6C21746B3600F32468 /* AppDelegate.swift */,
			);
			path = MovieSharingEx;
			sourceTree = "<group>";
		};
		0D522E8021746B3800F32468 /* MovieSharingExTests */ = {
			isa = PBXGroup;
			children = (
				0D522E8121746B3800F32468 /* MovieSharingExTests.swift */,
				0D522E8321746B3800F32468 /* Info.plist */,
			);
			path = MovieSharingExTests;
			sourceTree = "<group>";
		};
		0D522E8B21746B3900F32468 /* MovieSharingExUITests */ = {
			isa = PBXGroup;
			children = (
				0D522E8C21746B3900F32468 /* MovieSharingExUITests.swift */,
				0D522E8E21746B3900F32468 /* Info.plist */,
			);
			path = MovieSharingExUITests;
			sourceTree = "<group>";
		};
		C64BF4B6EBB7AC3000123EDB /* Pods */ = {
			isa = PBXGroup;
			children = (
				28FD501AF0A07C62318F5488 /* Pods-MovieSharingEx.debug.xcconfig */,
				E9C44ADA781226C82CF87C28 /* Pods-MovieSharingEx.release.xcconfig */,
				78BE957CF84622FE9CCA1A30 /* Pods-MovieSharingExTests.debug.xcconfig */,
				88C6AE462A21886DA2554DB1 /* Pods-MovieSharingExTests.release.xcconfig */,
				3A12568C8CE984CC24B53C1E /* Pods-MovieSharingExUITests.debug.xcconfig */,
				D3439396401C18904F826677 /* Pods-MovieSharingExUITests.release.xcconfig */,
			);
			name = Pods;
			sourceTree = "<group>";
		};
		C732EF7F498DB89C04EB62A7 /* Frameworks */ = {
			isa = PBXGroup;
			children = (
				712ABACB8FF22045A442B72F /* Pods_MovieSharingEx.framework */,
				2A4EF97EAC26D1480D5367AB /* Pods_MovieSharingExTests.framework */,
				4A17C5AB501339B4A3F4E7A6 /* Pods_MovieSharingExUITests.framework */,
			);
			name = Frameworks;
			sourceTree = "<group>";
		};
/* End PBXGroup section */

/* Begin PBXNativeTarget section */
		0D522E6821746B3600F32468 /* MovieSharingEx */ = {
			isa = PBXNativeTarget;
			buildConfigurationList = 0D522E9121746B3900F32468 /* Build configuration list for PBXNativeTarget "MovieSharingEx" */;
			buildPhases = (
				67030B3B7B3FAB5A1D189B00 /* [CP] Check Pods Manifest.lock */,
				0D522E6521746B3600F32468 /* Sources */,
				0D522E6621746B3600F32468 /* Frameworks */,
				0D522E6721746B3600F32468 /* Resources */,
				4D6A1D7ACE909C84D2E69D7E /* [CP] Embed Pods Frameworks */,
				D67FEA33079CA71E41A05D3B /* [CP] Copy Pods Resources */,
			);
			buildRules = (
			);
			dependencies = (
			);
			name = MovieSharingEx;
			productName = MovieSharingEx;
			productReference = 0D522E6921746B3600F32468 /* MovieSharingEx.app */;
			productType = "com.apple.product-type.application";
		};
		0D522E7C21746B3800F32468 /* MovieSharingExTests */ = {
			isa = PBXNativeTarget;
			buildConfigurationList = 0D522E9421746B3900F32468 /* Build configuration list for PBXNativeTarget "MovieSharingExTests" */;
			buildPhases = (
				25B5740CA912AB97E986E2B4 /* [CP] Check Pods Manifest.lock */,
				0D522E7921746B3800F32468 /* Sources */,
				0D522E7A21746B3800F32468 /* Frameworks */,
				0D522E7B21746B3800F32468 /* Resources */,
				180F7C41DA7F0A1A806A139A /* [CP] Embed Pods Frameworks */,
				BB74015273B1B5A78B027C62 /* [CP] Copy Pods Resources */,
			);
			buildRules = (
			);
			dependencies = (
				0D522E7F21746B3800F32468 /* PBXTargetDependency */,
			);
			name = MovieSharingExTests;
			productName = MovieSharingExTests;
			productReference = 0D522E7D21746B3800F32468 /* MovieSharingExTests.xctest */;
			productType = "com.apple.product-type.bundle.unit-test";
		};
		0D522E8721746B3900F32468 /* MovieSharingExUITests */ = {
			isa = PBXNativeTarget;
			buildConfigurationList = 0D522E9721746B3900F32468 /* Build configuration list for PBXNativeTarget "MovieSharingExUITests" */;
			buildPhases = (
				315A0AF3F764CAB4210A0765 /* [CP] Check Pods Manifest.lock */,
				0D522E8421746B3900F32468 /* Sources */,
				0D522E8521746B3900F32468 /* Frameworks */,
				0D522E8621746B3900F32468 /* Resources */,
				7651DBC984CB73705D4EA866 /* [CP] Embed Pods Frameworks */,
				7D1B66E1A2C6D24AD4F16172 /* [CP] Copy Pods Resources */,
			);
			buildRules = (
			);
			dependencies = (
				0D522E8A21746B3900F32468 /* PBXTargetDependency */,
			);
			name = MovieSharingExUITests;
			productName = MovieSharingExUITests;
			productReference = 0D522E8821746B3900F32468 /* MovieSharingExUITests.xctest */;
			productType = "com.apple.product-type.bundle.ui-testing";
		};
/* End PBXNativeTarget section */

/* Begin PBXProject section */
		0D522E6121746B3600F32468 /* Project object */ = {
			isa = PBXProject;
			attributes = {
				LastSwiftUpdateCheck = 1000;
				LastUpgradeCheck = 1000;
				ORGANIZATIONNAME = urjhams;
				TargetAttributes = {
					0D522E6821746B3600F32468 = {
						CreatedOnToolsVersion = 10.0;
					};
					0D522E7C21746B3800F32468 = {
						CreatedOnToolsVersion = 10.0;
						TestTargetID = 0D522E6821746B3600F32468;
					};
					0D522E8721746B3900F32468 = {
						CreatedOnToolsVersion = 10.0;
						TestTargetID = 0D522E6821746B3600F32468;
					};
				};
			};
			buildConfigurationList = 0D522E6421746B3600F32468 /* Build configuration list for PBXProject "MovieSharingEx" */;
			compatibilityVersion = "Xcode 9.3";
			developmentRegion = en;
			hasScannedForEncodings = 0;
			knownRegions = (
				en,
				Base,
			);
			mainGroup = 0D522E6021746B3600F32468;
			productRefGroup = 0D522E6A21746B3600F32468 /* Products */;
			projectDirPath = "";
			projectRoot = "";
			targets = (
				0D522E6821746B3600F32468 /* MovieSharingEx */,
				0D522E7C21746B3800F32468 /* MovieSharingExTests */,
				0D522E8721746B3900F32468 /* MovieSharingExUITests */,
			);
		};
/* End PBXProject section */

/* Begin PBXResourcesBuildPhase section */
		0D522E6721746B3600F32468 /* Resources */ = {
			isa = PBXResourcesBuildPhase;
			buildActionMask = 2147483647;
			files = (
				0DA930232177DBB3001B1022 /* MovieCollectionViewCell.xib in Resources */,
				0D522E7721746B3800F32468 /* LaunchScreen.storyboard in Resources */,
				0D522E7421746B3800F32468 /* Assets.xcassets in Resources */,
				0DA9301F2177DB9B001B1022 /* MovieTableViewCell.xib in Resources */,
				0DA9302F2178BF6E001B1022 /* MovieGridTableViewCell.xib in Resources */,
				0D522E7221746B3600F32468 /* Main.storyboard in Resources */,
			);
			runOnlyForDeploymentPostprocessing = 0;
		};
		0D522E7B21746B3800F32468 /* Resources */ = {
			isa = PBXResourcesBuildPhase;
			buildActionMask = 2147483647;
			files = (
			);
			runOnlyForDeploymentPostprocessing = 0;
		};
		0D522E8621746B3900F32468 /* Resources */ = {
			isa = PBXResourcesBuildPhase;
			buildActionMask = 2147483647;
			files = (
			);
			runOnlyForDeploymentPostprocessing = 0;
		};
/* End PBXResourcesBuildPhase section */

/* Begin PBXShellScriptBuildPhase section */
		180F7C41DA7F0A1A806A139A /* [CP] Embed Pods Frameworks */ = {
			isa = PBXShellScriptBuildPhase;
			buildActionMask = 2147483647;
			files = (
			);
			inputPaths = (
			);
			name = "[CP] Embed Pods Frameworks";
			outputPaths = (
			);
			runOnlyForDeploymentPostprocessing = 0;
			shellPath = /bin/sh;
			shellScript = "\"${SRCROOT}/Pods/Target Support Files/Pods-MovieSharingExTests/Pods-MovieSharingExTests-frameworks.sh\"\n";
			showEnvVarsInLog = 0;
		};
		25B5740CA912AB97E986E2B4 /* [CP] Check Pods Manifest.lock */ = {
			isa = PBXShellScriptBuildPhase;
			buildActionMask = 2147483647;
			files = (
			);
			inputPaths = (
				"${PODS_PODFILE_DIR_PATH}/Podfile.lock",
				"${PODS_ROOT}/Manifest.lock",
			);
			name = "[CP] Check Pods Manifest.lock";
			outputPaths = (
				"$(DERIVED_FILE_DIR)/Pods-MovieSharingExTests-checkManifestLockResult.txt",
			);
			runOnlyForDeploymentPostprocessing = 0;
			shellPath = /bin/sh;
			shellScript = "diff \"${PODS_PODFILE_DIR_PATH}/Podfile.lock\" \"${PODS_ROOT}/Manifest.lock\" > /dev/null\nif [ $? != 0 ] ; then\n    # print error to STDERR\n    echo \"error: The sandbox is not in sync with the Podfile.lock. Run 'pod install' or update your CocoaPods installation.\" >&2\n    exit 1\nfi\n# This output is used by Xcode 'outputs' to avoid re-running this script phase.\necho \"SUCCESS\" > \"${SCRIPT_OUTPUT_FILE_0}\"\n";
			showEnvVarsInLog = 0;
		};
		315A0AF3F764CAB4210A0765 /* [CP] Check Pods Manifest.lock */ = {
			isa = PBXShellScriptBuildPhase;
			buildActionMask = 2147483647;
			files = (
			);
			inputPaths = (
				"${PODS_PODFILE_DIR_PATH}/Podfile.lock",
				"${PODS_ROOT}/Manifest.lock",
			);
			name = "[CP] Check Pods Manifest.lock";
			outputPaths = (
				"$(DERIVED_FILE_DIR)/Pods-MovieSharingExUITests-checkManifestLockResult.txt",
			);
			runOnlyForDeploymentPostprocessing = 0;
			shellPath = /bin/sh;
			shellScript = "diff \"${PODS_PODFILE_DIR_PATH}/Podfile.lock\" \"${PODS_ROOT}/Manifest.lock\" > /dev/null\nif [ $? != 0 ] ; then\n    # print error to STDERR\n    echo \"error: The sandbox is not in sync with the Podfile.lock. Run 'pod install' or update your CocoaPods installation.\" >&2\n    exit 1\nfi\n# This output is used by Xcode 'outputs' to avoid re-running this script phase.\necho \"SUCCESS\" > \"${SCRIPT_OUTPUT_FILE_0}\"\n";
			showEnvVarsInLog = 0;
		};
		4D6A1D7ACE909C84D2E69D7E /* [CP] Embed Pods Frameworks */ = {
			isa = PBXShellScriptBuildPhase;
			buildActionMask = 2147483647;
			files = (
			);
			inputPaths = (
				"${SRCROOT}/Pods/Target Support Files/Pods-MovieSharingEx/Pods-MovieSharingEx-frameworks.sh",
				"${BUILT_PRODUCTS_DIR}/Alamofire/Alamofire.framework",
			);
			name = "[CP] Embed Pods Frameworks";
			outputPaths = (
				"${TARGET_BUILD_DIR}/${FRAMEWORKS_FOLDER_PATH}/Alamofire.framework",
			);
			runOnlyForDeploymentPostprocessing = 0;
			shellPath = /bin/sh;
			shellScript = "\"${SRCROOT}/Pods/Target Support Files/Pods-MovieSharingEx/Pods-MovieSharingEx-frameworks.sh\"\n";
			showEnvVarsInLog = 0;
		};
		67030B3B7B3FAB5A1D189B00 /* [CP] Check Pods Manifest.lock */ = {
			isa = PBXShellScriptBuildPhase;
			buildActionMask = 2147483647;
			files = (
			);
			inputPaths = (
				"${PODS_PODFILE_DIR_PATH}/Podfile.lock",
				"${PODS_ROOT}/Manifest.lock",
			);
			name = "[CP] Check Pods Manifest.lock";
			outputPaths = (
				"$(DERIVED_FILE_DIR)/Pods-MovieSharingEx-checkManifestLockResult.txt",
			);
			runOnlyForDeploymentPostprocessing = 0;
			shellPath = /bin/sh;
			shellScript = "diff \"${PODS_PODFILE_DIR_PATH}/Podfile.lock\" \"${PODS_ROOT}/Manifest.lock\" > /dev/null\nif [ $? != 0 ] ; then\n    # print error to STDERR\n    echo \"error: The sandbox is not in sync with the Podfile.lock. Run 'pod install' or update your CocoaPods installation.\" >&2\n    exit 1\nfi\n# This output is used by Xcode 'outputs' to avoid re-running this script phase.\necho \"SUCCESS\" > \"${SCRIPT_OUTPUT_FILE_0}\"\n";
			showEnvVarsInLog = 0;
		};
		7651DBC984CB73705D4EA866 /* [CP] Embed Pods Frameworks */ = {
			isa = PBXShellScriptBuildPhase;
			buildActionMask = 2147483647;
			files = (
			);
			inputPaths = (
			);
			name = "[CP] Embed Pods Frameworks";
			outputPaths = (
			);
			runOnlyForDeploymentPostprocessing = 0;
			shellPath = /bin/sh;
			shellScript = "\"${SRCROOT}/Pods/Target Support Files/Pods-MovieSharingExUITests/Pods-MovieSharingExUITests-frameworks.sh\"\n";
			showEnvVarsInLog = 0;
		};
		7D1B66E1A2C6D24AD4F16172 /* [CP] Copy Pods Resources */ = {
			isa = PBXShellScriptBuildPhase;
			buildActionMask = 2147483647;
			files = (
			);
			inputPaths = (
			);
			name = "[CP] Copy Pods Resources";
			outputPaths = (
			);
			runOnlyForDeploymentPostprocessing = 0;
			shellPath = /bin/sh;
			shellScript = "\"${SRCROOT}/Pods/Target Support Files/Pods-MovieSharingExUITests/Pods-MovieSharingExUITests-resources.sh\"\n";
			showEnvVarsInLog = 0;
		};
		BB74015273B1B5A78B027C62 /* [CP] Copy Pods Resources */ = {
			isa = PBXShellScriptBuildPhase;
			buildActionMask = 2147483647;
			files = (
			);
			inputPaths = (
			);
			name = "[CP] Copy Pods Resources";
			outputPaths = (
			);
			runOnlyForDeploymentPostprocessing = 0;
			shellPath = /bin/sh;
			shellScript = "\"${SRCROOT}/Pods/Target Support Files/Pods-MovieSharingExTests/Pods-MovieSharingExTests-resources.sh\"\n";
			showEnvVarsInLog = 0;
		};
		D67FEA33079CA71E41A05D3B /* [CP] Copy Pods Resources */ = {
			isa = PBXShellScriptBuildPhase;
			buildActionMask = 2147483647;
			files = (
			);
			inputPaths = (
			);
			name = "[CP] Copy Pods Resources";
			outputPaths = (
			);
			runOnlyForDeploymentPostprocessing = 0;
			shellPath = /bin/sh;
			shellScript = "\"${SRCROOT}/Pods/Target Support Files/Pods-MovieSharingEx/Pods-MovieSharingEx-resources.sh\"\n";
			showEnvVarsInLog = 0;
		};
/* End PBXShellScriptBuildPhase section */

/* Begin PBXSourcesBuildPhase section */
		0D522E6521746B3600F32468 /* Sources */ = {
			isa = PBXSourcesBuildPhase;
			buildActionMask = 2147483647;
			files = (
				0D522E6D21746B3600F32468 /* AppDelegate.swift in Sources */,
				0D0CC94221748899007FB9CD /* Networking.swift in Sources */,
				0DA9301E2177DB9B001B1022 /* MovieTableViewCell.swift in Sources */,
				0DED9724217A0A96009E970F /* MovieDetailViewController.swift in Sources */,
				0D0CC940217484FB007FB9CD /* Extensions.swift in Sources */,
				0D0CC93E21747FF0007FB9CD /* MovieInfo.swift in Sources */,
				0D0CC93A217476F4007FB9CD /* TabBarViewController.swift in Sources */,
				0D0CC938217476A2007FB9CD /* MovieViewController.swift in Sources */,
				0DABAA16217BFA24004F99E2 /* RoundUIImage.swift in Sources */,
				0DA9302E2178BF6E001B1022 /* MovieGridTableViewCell.swift in Sources */,
				0DA930222177DBB3001B1022 /* MovieCollectionViewCell.swift in Sources */,
				0D0CC944217557E8007FB9CD /* FavoriteViewController.swift in Sources */,
				0D0CC93C21747752007FB9CD /* Constants.swift in Sources */,
			);
			runOnlyForDeploymentPostprocessing = 0;
		};
		0D522E7921746B3800F32468 /* Sources */ = {
			isa = PBXSourcesBuildPhase;
			buildActionMask = 2147483647;
			files = (
				0D522E8221746B3800F32468 /* MovieSharingExTests.swift in Sources */,
			);
			runOnlyForDeploymentPostprocessing = 0;
		};
		0D522E8421746B3900F32468 /* Sources */ = {
			isa = PBXSourcesBuildPhase;
			buildActionMask = 2147483647;
			files = (
				0D522E8D21746B3900F32468 /* MovieSharingExUITests.swift in Sources */,
			);
			runOnlyForDeploymentPostprocessing = 0;
		};
/* End PBXSourcesBuildPhase section */

/* Begin PBXTargetDependency section */
		0D522E7F21746B3800F32468 /* PBXTargetDependency */ = {
			isa = PBXTargetDependency;
			target = 0D522E6821746B3600F32468 /* MovieSharingEx */;
			targetProxy = 0D522E7E21746B3800F32468 /* PBXContainerItemProxy */;
		};
		0D522E8A21746B3900F32468 /* PBXTargetDependency */ = {
			isa = PBXTargetDependency;
			target = 0D522E6821746B3600F32468 /* MovieSharingEx */;
			targetProxy = 0D522E8921746B3900F32468 /* PBXContainerItemProxy */;
		};
/* End PBXTargetDependency section */

/* Begin PBXVariantGroup section */
		0D522E7021746B3600F32468 /* Main.storyboard */ = {
			isa = PBXVariantGroup;
			children = (
				0D522E7121746B3600F32468 /* Base */,
			);
			name = Main.storyboard;
			sourceTree = "<group>";
		};
		0D522E7521746B3800F32468 /* LaunchScreen.storyboard */ = {
			isa = PBXVariantGroup;
			children = (
				0D522E7621746B3800F32468 /* Base */,
			);
			name = LaunchScreen.storyboard;
			sourceTree = "<group>";
		};
/* End PBXVariantGroup section */

/* Begin XCBuildConfiguration section */
		0D522E8F21746B3900F32468 /* Debug */ = {
			isa = XCBuildConfiguration;
			buildSettings = {
				ALWAYS_SEARCH_USER_PATHS = NO;
				CLANG_ANALYZER_NONNULL = YES;
				CLANG_ANALYZER_NUMBER_OBJECT_CONVERSION = YES_AGGRESSIVE;
				CLANG_CXX_LANGUAGE_STANDARD = "gnu++14";
				CLANG_CXX_LIBRARY = "libc++";
				CLANG_ENABLE_MODULES = YES;
				CLANG_ENABLE_OBJC_ARC = YES;
				CLANG_ENABLE_OBJC_WEAK = YES;
				CLANG_WARN_BLOCK_CAPTURE_AUTORELEASING = YES;
				CLANG_WARN_BOOL_CONVERSION = YES;
				CLANG_WARN_COMMA = YES;
				CLANG_WARN_CONSTANT_CONVERSION = YES;
				CLANG_WARN_DEPRECATED_OBJC_IMPLEMENTATIONS = YES;
				CLANG_WARN_DIRECT_OBJC_ISA_USAGE = YES_ERROR;
				CLANG_WARN_DOCUMENTATION_COMMENTS = YES;
				CLANG_WARN_EMPTY_BODY = YES;
				CLANG_WARN_ENUM_CONVERSION = YES;
				CLANG_WARN_INFINITE_RECURSION = YES;
				CLANG_WARN_INT_CONVERSION = YES;
				CLANG_WARN_NON_LITERAL_NULL_CONVERSION = YES;
				CLANG_WARN_OBJC_IMPLICIT_RETAIN_SELF = YES;
				CLANG_WARN_OBJC_LITERAL_CONVERSION = YES;
				CLANG_WARN_OBJC_ROOT_CLASS = YES_ERROR;
				CLANG_WARN_RANGE_LOOP_ANALYSIS = YES;
				CLANG_WARN_STRICT_PROTOTYPES = YES;
				CLANG_WARN_SUSPICIOUS_MOVE = YES;
				CLANG_WARN_UNGUARDED_AVAILABILITY = YES_AGGRESSIVE;
				CLANG_WARN_UNREACHABLE_CODE = YES;
				CLANG_WARN__DUPLICATE_METHOD_MATCH = YES;
				CODE_SIGN_IDENTITY = "iPhone Developer";
				COPY_PHASE_STRIP = NO;
				DEBUG_INFORMATION_FORMAT = dwarf;
				ENABLE_STRICT_OBJC_MSGSEND = YES;
				ENABLE_TESTABILITY = YES;
				GCC_C_LANGUAGE_STANDARD = gnu11;
				GCC_DYNAMIC_NO_PIC = NO;
				GCC_NO_COMMON_BLOCKS = YES;
				GCC_OPTIMIZATION_LEVEL = 0;
				GCC_PREPROCESSOR_DEFINITIONS = (
					"DEBUG=1",
					"$(inherited)",
				);
				GCC_WARN_64_TO_32_BIT_CONVERSION = YES;
				GCC_WARN_ABOUT_RETURN_TYPE = YES_ERROR;
				GCC_WARN_UNDECLARED_SELECTOR = YES;
				GCC_WARN_UNINITIALIZED_AUTOS = YES_AGGRESSIVE;
				GCC_WARN_UNUSED_FUNCTION = YES;
				GCC_WARN_UNUSED_VARIABLE = YES;
				IPHONEOS_DEPLOYMENT_TARGET = 12.0;
				MTL_ENABLE_DEBUG_INFO = INCLUDE_SOURCE;
				MTL_FAST_MATH = YES;
				ONLY_ACTIVE_ARCH = YES;
				SDKROOT = iphoneos;
				SWIFT_ACTIVE_COMPILATION_CONDITIONS = DEBUG;
				SWIFT_OPTIMIZATION_LEVEL = "-Onone";
			};
			name = Debug;
		};
		0D522E9021746B3900F32468 /* Release */ = {
			isa = XCBuildConfiguration;
			buildSettings = {
				ALWAYS_SEARCH_USER_PATHS = NO;
				CLANG_ANALYZER_NONNULL = YES;
				CLANG_ANALYZER_NUMBER_OBJECT_CONVERSION = YES_AGGRESSIVE;
				CLANG_CXX_LANGUAGE_STANDARD = "gnu++14";
				CLANG_CXX_LIBRARY = "libc++";
				CLANG_ENABLE_MODULES = YES;
				CLANG_ENABLE_OBJC_ARC = YES;
				CLANG_ENABLE_OBJC_WEAK = YES;
				CLANG_WARN_BLOCK_CAPTURE_AUTORELEASING = YES;
				CLANG_WARN_BOOL_CONVERSION = YES;
				CLANG_WARN_COMMA = YES;
				CLANG_WARN_CONSTANT_CONVERSION = YES;
				CLANG_WARN_DEPRECATED_OBJC_IMPLEMENTATIONS = YES;
				CLANG_WARN_DIRECT_OBJC_ISA_USAGE = YES_ERROR;
				CLANG_WARN_DOCUMENTATION_COMMENTS = YES;
				CLANG_WARN_EMPTY_BODY = YES;
				CLANG_WARN_ENUM_CONVERSION = YES;
				CLANG_WARN_INFINITE_RECURSION = YES;
				CLANG_WARN_INT_CONVERSION = YES;
				CLANG_WARN_NON_LITERAL_NULL_CONVERSION = YES;
				CLANG_WARN_OBJC_IMPLICIT_RETAIN_SELF = YES;
				CLANG_WARN_OBJC_LITERAL_CONVERSION = YES;
				CLANG_WARN_OBJC_ROOT_CLASS = YES_ERROR;
				CLANG_WARN_RANGE_LOOP_ANALYSIS = YES;
				CLANG_WARN_STRICT_PROTOTYPES = YES;
				CLANG_WARN_SUSPICIOUS_MOVE = YES;
				CLANG_WARN_UNGUARDED_AVAILABILITY = YES_AGGRESSIVE;
				CLANG_WARN_UNREACHABLE_CODE = YES;
				CLANG_WARN__DUPLICATE_METHOD_MATCH = YES;
				CODE_SIGN_IDENTITY = "iPhone Developer";
				COPY_PHASE_STRIP = NO;
				DEBUG_INFORMATION_FORMAT = "dwarf-with-dsym";
				ENABLE_NS_ASSERTIONS = NO;
				ENABLE_STRICT_OBJC_MSGSEND = YES;
				GCC_C_LANGUAGE_STANDARD = gnu11;
				GCC_NO_COMMON_BLOCKS = YES;
				GCC_WARN_64_TO_32_BIT_CONVERSION = YES;
				GCC_WARN_ABOUT_RETURN_TYPE = YES_ERROR;
				GCC_WARN_UNDECLARED_SELECTOR = YES;
				GCC_WARN_UNINITIALIZED_AUTOS = YES_AGGRESSIVE;
				GCC_WARN_UNUSED_FUNCTION = YES;
				GCC_WARN_UNUSED_VARIABLE = YES;
				IPHONEOS_DEPLOYMENT_TARGET = 12.0;
				MTL_ENABLE_DEBUG_INFO = NO;
				MTL_FAST_MATH = YES;
				SDKROOT = iphoneos;
				SWIFT_COMPILATION_MODE = wholemodule;
				SWIFT_OPTIMIZATION_LEVEL = "-O";
				VALIDATE_PRODUCT = YES;
			};
			name = Release;
		};
		0D522E9221746B3900F32468 /* Debug */ = {
			isa = XCBuildConfiguration;
			baseConfigurationReference = 28FD501AF0A07C62318F5488 /* Pods-MovieSharingEx.debug.xcconfig */;
			buildSettings = {
				ASSETCATALOG_COMPILER_APPICON_NAME = AppIcon;
				CODE_SIGN_STYLE = Automatic;
				DEVELOPMENT_TEAM = TX9R26AVUZ;
				INFOPLIST_FILE = "$(SRCROOT)/MovieSharingEx/SupportingFiles/Info.plist";
				LD_RUNPATH_SEARCH_PATHS = (
					"$(inherited)",
					"@executable_path/Frameworks",
				);
				PRODUCT_BUNDLE_IDENTIFIER = com.tdsoft.MovieSharingEx;
				PRODUCT_NAME = "$(TARGET_NAME)";
				SWIFT_VERSION = 4.2;
				TARGETED_DEVICE_FAMILY = 1;
			};
			name = Debug;
		};
		0D522E9321746B3900F32468 /* Release */ = {
			isa = XCBuildConfiguration;
			baseConfigurationReference = E9C44ADA781226C82CF87C28 /* Pods-MovieSharingEx.release.xcconfig */;
			buildSettings = {
				ASSETCATALOG_COMPILER_APPICON_NAME = AppIcon;
				CODE_SIGN_STYLE = Automatic;
				DEVELOPMENT_TEAM = TX9R26AVUZ;
				INFOPLIST_FILE = "$(SRCROOT)/MovieSharingEx/SupportingFiles/Info.plist";
				LD_RUNPATH_SEARCH_PATHS = (
					"$(inherited)",
					"@executable_path/Frameworks",
				);
				PRODUCT_BUNDLE_IDENTIFIER = com.tdsoft.MovieSharingEx;
				PRODUCT_NAME = "$(TARGET_NAME)";
				SWIFT_VERSION = 4.2;
				TARGETED_DEVICE_FAMILY = 1;
			};
			name = Release;
		};
		0D522E9521746B3900F32468 /* Debug */ = {
			isa = XCBuildConfiguration;
			baseConfigurationReference = 78BE957CF84622FE9CCA1A30 /* Pods-MovieSharingExTests.debug.xcconfig */;
			buildSettings = {
				ALWAYS_EMBED_SWIFT_STANDARD_LIBRARIES = YES;
				BUNDLE_LOADER = "$(TEST_HOST)";
				CODE_SIGN_STYLE = Automatic;
				DEVELOPMENT_TEAM = TX9R26AVUZ;
				INFOPLIST_FILE = MovieSharingExTests/Info.plist;
				LD_RUNPATH_SEARCH_PATHS = (
					"$(inherited)",
					"@executable_path/Frameworks",
					"@loader_path/Frameworks",
				);
				PRODUCT_BUNDLE_IDENTIFIER = com.tdsoft.MovieSharingExTests;
				PRODUCT_NAME = "$(TARGET_NAME)";
				SWIFT_VERSION = 4.2;
				TARGETED_DEVICE_FAMILY = "1,2";
				TEST_HOST = "$(BUILT_PRODUCTS_DIR)/MovieSharingEx.app/MovieSharingEx";
			};
			name = Debug;
		};
		0D522E9621746B3900F32468 /* Release */ = {
			isa = XCBuildConfiguration;
			baseConfigurationReference = 88C6AE462A21886DA2554DB1 /* Pods-MovieSharingExTests.release.xcconfig */;
			buildSettings = {
				ALWAYS_EMBED_SWIFT_STANDARD_LIBRARIES = YES;
				BUNDLE_LOADER = "$(TEST_HOST)";
				CODE_SIGN_STYLE = Automatic;
				DEVELOPMENT_TEAM = TX9R26AVUZ;
				INFOPLIST_FILE = MovieSharingExTests/Info.plist;
				LD_RUNPATH_SEARCH_PATHS = (
					"$(inherited)",
					"@executable_path/Frameworks",
					"@loader_path/Frameworks",
				);
				PRODUCT_BUNDLE_IDENTIFIER = com.tdsoft.MovieSharingExTests;
				PRODUCT_NAME = "$(TARGET_NAME)";
				SWIFT_VERSION = 4.2;
				TARGETED_DEVICE_FAMILY = "1,2";
				TEST_HOST = "$(BUILT_PRODUCTS_DIR)/MovieSharingEx.app/MovieSharingEx";
			};
			name = Release;
		};
		0D522E9821746B3900F32468 /* Debug */ = {
			isa = XCBuildConfiguration;
			baseConfigurationReference = 3A12568C8CE984CC24B53C1E /* Pods-MovieSharingExUITests.debug.xcconfig */;
			buildSettings = {
				ALWAYS_EMBED_SWIFT_STANDARD_LIBRARIES = YES;
				CODE_SIGN_STYLE = Automatic;
				DEVELOPMENT_TEAM = TX9R26AVUZ;
				INFOPLIST_FILE = MovieSharingExUITests/Info.plist;
				LD_RUNPATH_SEARCH_PATHS = (
					"$(inherited)",
					"@executable_path/Frameworks",
					"@loader_path/Frameworks",
				);
				PRODUCT_BUNDLE_IDENTIFIER = com.tdsoft.MovieSharingExUITests;
				PRODUCT_NAME = "$(TARGET_NAME)";
				SWIFT_VERSION = 4.2;
				TARGETED_DEVICE_FAMILY = "1,2";
				TEST_TARGET_NAME = MovieSharingEx;
			};
			name = Debug;
		};
		0D522E9921746B3900F32468 /* Release */ = {
			isa = XCBuildConfiguration;
			baseConfigurationReference = D3439396401C18904F826677 /* Pods-MovieSharingExUITests.release.xcconfig */;
			buildSettings = {
				ALWAYS_EMBED_SWIFT_STANDARD_LIBRARIES = YES;
				CODE_SIGN_STYLE = Automatic;
				DEVELOPMENT_TEAM = TX9R26AVUZ;
				INFOPLIST_FILE = MovieSharingExUITests/Info.plist;
				LD_RUNPATH_SEARCH_PATHS = (
					"$(inherited)",
					"@executable_path/Frameworks",
					"@loader_path/Frameworks",
				);
				PRODUCT_BUNDLE_IDENTIFIER = com.tdsoft.MovieSharingExUITests;
				PRODUCT_NAME = "$(TARGET_NAME)";
				SWIFT_VERSION = 4.2;
				TARGETED_DEVICE_FAMILY = "1,2";
				TEST_TARGET_NAME = MovieSharingEx;
			};
			name = Release;
		};
/* End XCBuildConfiguration section */

/* Begin XCConfigurationList section */
		0D522E6421746B3600F32468 /* Build configuration list for PBXProject "MovieSharingEx" */ = {
			isa = XCConfigurationList;
			buildConfigurations = (
				0D522E8F21746B3900F32468 /* Debug */,
				0D522E9021746B3900F32468 /* Release */,
			);
			defaultConfigurationIsVisible = 0;
			defaultConfigurationName = Release;
		};
		0D522E9121746B3900F32468 /* Build configuration list for PBXNativeTarget "MovieSharingEx" */ = {
			isa = XCConfigurationList;
			buildConfigurations = (
				0D522E9221746B3900F32468 /* Debug */,
				0D522E9321746B3900F32468 /* Release */,
			);
			defaultConfigurationIsVisible = 0;
			defaultConfigurationName = Release;
		};
		0D522E9421746B3900F32468 /* Build configuration list for PBXNativeTarget "MovieSharingExTests" */ = {
			isa = XCConfigurationList;
			buildConfigurations = (
				0D522E9521746B3900F32468 /* Debug */,
				0D522E9621746B3900F32468 /* Release */,
			);
			defaultConfigurationIsVisible = 0;
			defaultConfigurationName = Release;
		};
		0D522E9721746B3900F32468 /* Build configuration list for PBXNativeTarget "MovieSharingExUITests" */ = {
			isa = XCConfigurationList;
			buildConfigurations = (
				0D522E9821746B3900F32468 /* Debug */,
				0D522E9921746B3900F32468 /* Release */,
			);
			defaultConfigurationIsVisible = 0;
			defaultConfigurationName = Release;
		};
/* End XCConfigurationList section */
	};
	rootObject = 0D522E6121746B3600F32468 /* Project object */;
}
